
Microsoft Visual Studio Solution File, Format Version 12.00
# Visual Studio 15
Project("{FAE04EC0-301F-11D3-BF4B-00C04F79EFBC}") = "Assembly-CSharp", "Assembly-CSharp.csproj", "{082FA37B-19DC-36CC-0995-CA88979DCA68}"
EndProject
Project("{FAE04EC0-301F-11D3-BF4B-00C04F79EFBC}") = "Assembly-CSharp-Editor", "Assembly-CSharp-Editor.csproj", "{4BA288EF-81BE-46E6-9338-6820453792BC}"
EndProject
Global
	GlobalSection(SolutionConfigurationPlatforms) = preSolution
		Debug|Any CPU = Debug|Any CPU
		Release|Any CPU = Release|Any CPU
	EndGlobalSection
	GlobalSection(ProjectConfigurationPlatforms) = postSolution
		{082FA37B-19DC-36CC-0995-CA88979DCA68}.Debug|Any CPU.ActiveCfg = Debug|Any CPU
		{082FA37B-19DC-36CC-0995-CA88979DCA68}.Debug|Any CPU.Build.0 = Debug|Any CPU
		{082FA37B-19DC-36CC-0995-CA88979DCA68}.Release|Any CPU.ActiveCfg = Release|Any CPU
		{082FA37B-19DC-36CC-0995-CA88979DCA68}.Release|Any CPU.Build.0 = Release|Any CPU
		{4BA288EF-81BE-46E6-9338-6820453792BC}.Debug|Any CPU.ActiveCfg = Debug|Any CPU
		{4BA288EF-81BE-46E6-9338-6820453792BC}.Debug|Any CPU.Build.0 = Debug|Any CPU
		{4BA288EF-81BE-46E6-9338-6820453792BC}.Release|Any CPU.ActiveCfg = Release|Any CPU
		{4BA288EF-81BE-46E6-9338-6820453792BC}.Release|Any CPU.Build.0 = Release|Any CPU
	EndGlobalSection
	GlobalSection(SolutionProperties) = preSolution
		HideSolutionNode = FALSE
	EndGlobalSection
EndGlobal
